// !$*UTF8*$!
{
	archiveVersion = 1;
	classes = {
	};
	objectVersion = 50;
	objects = {

/* Begin PBXBuildFile section */
		A309AA79260BBD6000F3C79D /* ChatManager.swift in Sources */ = {isa = PBXBuildFile; fileRef = A309AA78260BBD6000F3C79D /* ChatManager.swift */; };
		A309AA7A260BBD6000F3C79D /* ChatManager.swift in Sources */ = {isa = PBXBuildFile; fileRef = A309AA78260BBD6000F3C79D /* ChatManager.swift */; };
		A309AA7E260BBE8000F3C79D /* Messages.swift in Sources */ = {isa = PBXBuildFile; fileRef = A309AA7D260BBE8000F3C79D /* Messages.swift */; };
		A309AA7F260BBE8000F3C79D /* Messages.swift in Sources */ = {isa = PBXBuildFile; fileRef = A309AA7D260BBE8000F3C79D /* Messages.swift */; };
		A315E71B260DE15B002D2428 /* Crypto.swift in Sources */ = {isa = PBXBuildFile; fileRef = A315E71A260DE15B002D2428 /* Crypto.swift */; };
		A315E71C260DE15B002D2428 /* Crypto.swift in Sources */ = {isa = PBXBuildFile; fileRef = A315E71A260DE15B002D2428 /* Crypto.swift */; };
		A39D02D325FFD83B00E40663 /* local_palApp.swift in Sources */ = {isa = PBXBuildFile; fileRef = A39D02C025FFD83900E40663 /* local_palApp.swift */; };
		A39D02D425FFD83B00E40663 /* local_palApp.swift in Sources */ = {isa = PBXBuildFile; fileRef = A39D02C025FFD83900E40663 /* local_palApp.swift */; };
		A39D02D525FFD83B00E40663 /* ContentView.swift in Sources */ = {isa = PBXBuildFile; fileRef = A39D02C125FFD83900E40663 /* ContentView.swift */; };
		A39D02D625FFD83B00E40663 /* ContentView.swift in Sources */ = {isa = PBXBuildFile; fileRef = A39D02C125FFD83900E40663 /* ContentView.swift */; };
		A39D02D725FFD83B00E40663 /* Assets.xcassets in Resources */ = {isa = PBXBuildFile; fileRef = A39D02C225FFD83B00E40663 /* Assets.xcassets */; };
		A39D02D825FFD83B00E40663 /* Assets.xcassets in Resources */ = {isa = PBXBuildFile; fileRef = A39D02C225FFD83B00E40663 /* Assets.xcassets */; };
		A39D02E425FFDB9D00E40663 /* MainMenu.swift in Sources */ = {isa = PBXBuildFile; fileRef = A39D02E325FFDB9D00E40663 /* MainMenu.swift */; };
		A39D02E525FFDB9D00E40663 /* MainMenu.swift in Sources */ = {isa = PBXBuildFile; fileRef = A39D02E325FFDB9D00E40663 /* MainMenu.swift */; };
		A39D02EC25FFDEF100E40663 /* Service.swift in Sources */ = {isa = PBXBuildFile; fileRef = A39D02EB25FFDEF100E40663 /* Service.swift */; };
		A39D02ED25FFDEF100E40663 /* Service.swift in Sources */ = {isa = PBXBuildFile; fileRef = A39D02EB25FFDEF100E40663 /* Service.swift */; };
		A39D02F325FFE4A900E40663 /* Connector.swift in Sources */ = {isa = PBXBuildFile; fileRef = A39D02F225FFE4A900E40663 /* Connector.swift */; };
		A39D02F425FFE4A900E40663 /* Connector.swift in Sources */ = {isa = PBXBuildFile; fileRef = A39D02F225FFE4A900E40663 /* Connector.swift */; };
		A39D02F825FFF1DC00E40663 /* FindRoom.swift in Sources */ = {isa = PBXBuildFile; fileRef = A39D02F725FFF1DC00E40663 /* FindRoom.swift */; };
		A39D02F925FFF1DC00E40663 /* FindRoom.swift in Sources */ = {isa = PBXBuildFile; fileRef = A39D02F725FFF1DC00E40663 /* FindRoom.swift */; };
		A39D02FD25FFFD7800E40663 /* Chat.swift in Sources */ = {isa = PBXBuildFile; fileRef = A39D02FC25FFFD7800E40663 /* Chat.swift */; };
		A39D02FE25FFFD7800E40663 /* Chat.swift in Sources */ = {isa = PBXBuildFile; fileRef = A39D02FC25FFFD7800E40663 /* Chat.swift */; };
		A39D030225FFFDB000E40663 /* Communicator.swift in Sources */ = {isa = PBXBuildFile; fileRef = A39D030125FFFDB000E40663 /* Communicator.swift */; };
		A39D030325FFFDB000E40663 /* Communicator.swift in Sources */ = {isa = PBXBuildFile; fileRef = A39D030125FFFDB000E40663 /* Communicator.swift */; };
		A39EFEFC2601191500E15EB9 /* Message.swift in Sources */ = {isa = PBXBuildFile; fileRef = A39EFEFB2601191500E15EB9 /* Message.swift */; };
		A39EFEFD2601191500E15EB9 /* Message.swift in Sources */ = {isa = PBXBuildFile; fileRef = A39EFEFB2601191500E15EB9 /* Message.swift */; };
		A39EFF0326011B2900E15EB9 /* Packet.swift in Sources */ = {isa = PBXBuildFile; fileRef = A39EFF0226011B2900E15EB9 /* Packet.swift */; };
		A39EFF0426011B2900E15EB9 /* Packet.swift in Sources */ = {isa = PBXBuildFile; fileRef = A39EFF0226011B2900E15EB9 /* Packet.swift */; };
		A3C53453260BB5AA006EE226 /* Router.swift in Sources */ = {isa = PBXBuildFile; fileRef = A3C53452260BB5AA006EE226 /* Router.swift */; };
		A3C53454260BB5AA006EE226 /* Router.swift in Sources */ = {isa = PBXBuildFile; fileRef = A3C53452260BB5AA006EE226 /* Router.swift */; };
/* End PBXBuildFile section */

/* Begin PBXFileReference section */
		A309AA78260BBD6000F3C79D /* ChatManager.swift */ = {isa = PBXFileReference; lastKnownFileType = sourcecode.swift; path = ChatManager.swift; sourceTree = "<group>"; };
		A309AA7D260BBE8000F3C79D /* Messages.swift */ = {isa = PBXFileReference; lastKnownFileType = sourcecode.swift; path = Messages.swift; sourceTree = "<group>"; };
		A315E71A260DE15B002D2428 /* Crypto.swift */ = {isa = PBXFileReference; lastKnownFileType = sourcecode.swift; path = Crypto.swift; sourceTree = "<group>"; };
		A39D02C025FFD83900E40663 /* local_palApp.swift */ = {isa = PBXFileReference; lastKnownFileType = sourcecode.swift; path = local_palApp.swift; sourceTree = "<group>"; };
		A39D02C125FFD83900E40663 /* ContentView.swift */ = {isa = PBXFileReference; lastKnownFileType = sourcecode.swift; path = ContentView.swift; sourceTree = "<group>"; };
		A39D02C225FFD83B00E40663 /* Assets.xcassets */ = {isa = PBXFileReference; lastKnownFileType = folder.assetcatalog; path = Assets.xcassets; sourceTree = "<group>"; };
		A39D02C725FFD83B00E40663 /* local-pal.app */ = {isa = PBXFileReference; explicitFileType = wrapper.application; includeInIndex = 0; path = "local-pal.app"; sourceTree = BUILT_PRODUCTS_DIR; };
		A39D02CA25FFD83B00E40663 /* Info.plist */ = {isa = PBXFileReference; lastKnownFileType = text.plist.xml; path = Info.plist; sourceTree = "<group>"; };
		A39D02CF25FFD83B00E40663 /* local-pal.app */ = {isa = PBXFileReference; explicitFileType = wrapper.application; includeInIndex = 0; path = "local-pal.app"; sourceTree = BUILT_PRODUCTS_DIR; };
		A39D02D125FFD83B00E40663 /* Info.plist */ = {isa = PBXFileReference; lastKnownFileType = text.plist.xml; path = Info.plist; sourceTree = "<group>"; };
		A39D02D225FFD83B00E40663 /* macOS.entitlements */ = {isa = PBXFileReference; lastKnownFileType = text.plist.entitlements; path = macOS.entitlements; sourceTree = "<group>"; };
		A39D02E325FFDB9D00E40663 /* MainMenu.swift */ = {isa = PBXFileReference; lastKnownFileType = sourcecode.swift; path = MainMenu.swift; sourceTree = "<group>"; };
		A39D02EB25FFDEF100E40663 /* Service.swift */ = {isa = PBXFileReference; lastKnownFileType = sourcecode.swift; path = Service.swift; sourceTree = "<group>"; };
		A39D02F225FFE4A900E40663 /* Connector.swift */ = {isa = PBXFileReference; lastKnownFileType = sourcecode.swift; path = Connector.swift; sourceTree = "<group>"; };
		A39D02F725FFF1DC00E40663 /* FindRoom.swift */ = {isa = PBXFileReference; lastKnownFileType = sourcecode.swift; path = FindRoom.swift; sourceTree = "<group>"; };
		A39D02FC25FFFD7800E40663 /* Chat.swift */ = {isa = PBXFileReference; lastKnownFileType = sourcecode.swift; path = Chat.swift; sourceTree = "<group>"; };
		A39D030125FFFDB000E40663 /* Communicator.swift */ = {isa = PBXFileReference; lastKnownFileType = sourcecode.swift; path = Communicator.swift; sourceTree = "<group>"; };
		A39D030826000C4C00E40663 /* local-palDebug.entitlements */ = {isa = PBXFileReference; lastKnownFileType = text.plist.entitlements; path = "local-palDebug.entitlements"; sourceTree = "<group>"; };
		A39EFEFB2601191500E15EB9 /* Message.swift */ = {isa = PBXFileReference; lastKnownFileType = sourcecode.swift; path = Message.swift; sourceTree = "<group>"; };
		A39EFF0226011B2900E15EB9 /* Packet.swift */ = {isa = PBXFileReference; lastKnownFileType = sourcecode.swift; path = Packet.swift; sourceTree = "<group>"; };
		A3C53452260BB5AA006EE226 /* Router.swift */ = {isa = PBXFileReference; lastKnownFileType = sourcecode.swift; path = Router.swift; sourceTree = "<group>"; };
/* End PBXFileReference section */

/* Begin PBXFrameworksBuildPhase section */
		A39D02C425FFD83B00E40663 /* Frameworks */ = {
			isa = PBXFrameworksBuildPhase;
			buildActionMask = 2147483647;
			files = (
			);
			runOnlyForDeploymentPostprocessing = 0;
		};
		A39D02CC25FFD83B00E40663 /* Frameworks */ = {
			isa = PBXFrameworksBuildPhase;
			buildActionMask = 2147483647;
			files = (
			);
			runOnlyForDeploymentPostprocessing = 0;
		};
/* End PBXFrameworksBuildPhase section */

/* Begin PBXGroup section */
		A39D02BA25FFD83800E40663 = {
			isa = PBXGroup;
			children = (
				A39D030826000C4C00E40663 /* local-palDebug.entitlements */,
				A39D02BF25FFD83900E40663 /* Shared */,
				A39D02C925FFD83B00E40663 /* iOS */,
				A39D02D025FFD83B00E40663 /* macOS */,
				A39D02C825FFD83B00E40663 /* Products */,
			);
			sourceTree = "<group>";
		};
		A39D02BF25FFD83900E40663 /* Shared */ = {
			isa = PBXGroup;
			children = (
				A39EFEFA2601190500E15EB9 /* Model */,
				A39D02EA25FFDEE300E40663 /* Networking */,
				A39D02E925FFDECA00E40663 /* Views */,
				A39D02C025FFD83900E40663 /* local_palApp.swift */,
				A39D02C125FFD83900E40663 /* ContentView.swift */,
				A39D02C225FFD83B00E40663 /* Assets.xcassets */,
			);
			path = Shared;
			sourceTree = "<group>";
		};
		A39D02C825FFD83B00E40663 /* Products */ = {
			isa = PBXGroup;
			children = (
				A39D02C725FFD83B00E40663 /* local-pal.app */,
				A39D02CF25FFD83B00E40663 /* local-pal.app */,
			);
			name = Products;
			sourceTree = "<group>";
		};
		A39D02C925FFD83B00E40663 /* iOS */ = {
			isa = PBXGroup;
			children = (
				A39D02CA25FFD83B00E40663 /* Info.plist */,
			);
			path = iOS;
			sourceTree = "<group>";
		};
		A39D02D025FFD83B00E40663 /* macOS */ = {
			isa = PBXGroup;
			children = (
				A39D02D125FFD83B00E40663 /* Info.plist */,
				A39D02D225FFD83B00E40663 /* macOS.entitlements */,
			);
			path = macOS;
			sourceTree = "<group>";
		};
		A39D02E925FFDECA00E40663 /* Views */ = {
			isa = PBXGroup;
			children = (
				A39D02E325FFDB9D00E40663 /* MainMenu.swift */,
				A39D02F725FFF1DC00E40663 /* FindRoom.swift */,
				A39D02FC25FFFD7800E40663 /* Chat.swift */,
				A309AA7D260BBE8000F3C79D /* Messages.swift */,
			);
			path = Views;
			sourceTree = "<group>";
		};
		A39D02EA25FFDEE300E40663 /* Networking */ = {
			isa = PBXGroup;
			children = (
				A315E71A260DE15B002D2428 /* Crypto.swift */,
				A39D02EB25FFDEF100E40663 /* Service.swift */,
				A39D02F225FFE4A900E40663 /* Connector.swift */,
				A39D030125FFFDB000E40663 /* Communicator.swift */,
				A3C53452260BB5AA006EE226 /* Router.swift */,
				A309AA78260BBD6000F3C79D /* ChatManager.swift */,
			);
			path = Networking;
			sourceTree = "<group>";
		};
		A39EFEFA2601190500E15EB9 /* Model */ = {
			isa = PBXGroup;
			children = (
				A39EFEFB2601191500E15EB9 /* Message.swift */,
				A39EFF0226011B2900E15EB9 /* Packet.swift */,
			);
			path = Model;
			sourceTree = "<group>";
		};
/* End PBXGroup section */

/* Begin PBXNativeTarget section */
		A39D02C625FFD83B00E40663 /* local-pal (iOS) */ = {
			isa = PBXNativeTarget;
			buildConfigurationList = A39D02DB25FFD83B00E40663 /* Build configuration list for PBXNativeTarget "local-pal (iOS)" */;
			buildPhases = (
				A39D02C325FFD83B00E40663 /* Sources */,
				A39D02C425FFD83B00E40663 /* Frameworks */,
				A39D02C525FFD83B00E40663 /* Resources */,
			);
			buildRules = (
			);
			dependencies = (
			);
			name = "local-pal (iOS)";
			productName = "local-pal (iOS)";
			productReference = A39D02C725FFD83B00E40663 /* local-pal.app */;
			productType = "com.apple.product-type.application";
		};
		A39D02CE25FFD83B00E40663 /* local-pal (macOS) */ = {
			isa = PBXNativeTarget;
			buildConfigurationList = A39D02DE25FFD83B00E40663 /* Build configuration list for PBXNativeTarget "local-pal (macOS)" */;
			buildPhases = (
				A39D02CB25FFD83B00E40663 /* Sources */,
				A39D02CC25FFD83B00E40663 /* Frameworks */,
				A39D02CD25FFD83B00E40663 /* Resources */,
			);
			buildRules = (
			);
			dependencies = (
			);
			name = "local-pal (macOS)";
			productName = "local-pal (macOS)";
			productReference = A39D02CF25FFD83B00E40663 /* local-pal.app */;
			productType = "com.apple.product-type.application";
		};
/* End PBXNativeTarget section */

/* Begin PBXProject section */
		A39D02BB25FFD83800E40663 /* Project object */ = {
			isa = PBXProject;
			attributes = {
				LastSwiftUpdateCheck = 1240;
				LastUpgradeCheck = 1240;
				TargetAttributes = {
					A39D02C625FFD83B00E40663 = {
						CreatedOnToolsVersion = 12.4;
					};
					A39D02CE25FFD83B00E40663 = {
						CreatedOnToolsVersion = 12.4;
					};
				};
			};
			buildConfigurationList = A39D02BE25FFD83800E40663 /* Build configuration list for PBXProject "local-pal" */;
			compatibilityVersion = "Xcode 9.3";
			developmentRegion = en;
			hasScannedForEncodings = 0;
			knownRegions = (
				en,
				Base,
			);
			mainGroup = A39D02BA25FFD83800E40663;
			productRefGroup = A39D02C825FFD83B00E40663 /* Products */;
			projectDirPath = "";
			projectRoot = "";
			targets = (
				A39D02C625FFD83B00E40663 /* local-pal (iOS) */,
				A39D02CE25FFD83B00E40663 /* local-pal (macOS) */,
			);
		};
/* End PBXProject section */

/* Begin PBXResourcesBuildPhase section */
		A39D02C525FFD83B00E40663 /* Resources */ = {
			isa = PBXResourcesBuildPhase;
			buildActionMask = 2147483647;
			files = (
				A39D02D725FFD83B00E40663 /* Assets.xcassets in Resources */,
			);
			runOnlyForDeploymentPostprocessing = 0;
		};
		A39D02CD25FFD83B00E40663 /* Resources */ = {
			isa = PBXResourcesBuildPhase;
			buildActionMask = 2147483647;
			files = (
				A39D02D825FFD83B00E40663 /* Assets.xcassets in Resources */,
			);
			runOnlyForDeploymentPostprocessing = 0;
		};
/* End PBXResourcesBuildPhase section */

/* Begin PBXSourcesBuildPhase section */
		A39D02C325FFD83B00E40663 /* Sources */ = {
			isa = PBXSourcesBuildPhase;
			buildActionMask = 2147483647;
			files = (
				A3C53453260BB5AA006EE226 /* Router.swift in Sources */,
				A39D02D525FFD83B00E40663 /* ContentView.swift in Sources */,
				A39D02E425FFDB9D00E40663 /* MainMenu.swift in Sources */,
				A309AA79260BBD6000F3C79D /* ChatManager.swift in Sources */,
				A39D02FD25FFFD7800E40663 /* Chat.swift in Sources */,
				A39EFEFC2601191500E15EB9 /* Message.swift in Sources */,
				A309AA7E260BBE8000F3C79D /* Messages.swift in Sources */,
				A39D02EC25FFDEF100E40663 /* Service.swift in Sources */,
				A39D02F325FFE4A900E40663 /* Connector.swift in Sources */,
				A39D02D325FFD83B00E40663 /* local_palApp.swift in Sources */,
				A39EFF0326011B2900E15EB9 /* Packet.swift in Sources */,
				A39D030225FFFDB000E40663 /* Communicator.swift in Sources */,
				A315E71B260DE15B002D2428 /* Crypto.swift in Sources */,
				A39D02F825FFF1DC00E40663 /* FindRoom.swift in Sources */,
			);
			runOnlyForDeploymentPostprocessing = 0;
		};
		A39D02CB25FFD83B00E40663 /* Sources */ = {
			isa = PBXSourcesBuildPhase;
			buildActionMask = 2147483647;
			files = (
				A3C53454260BB5AA006EE226 /* Router.swift in Sources */,
				A39D02D625FFD83B00E40663 /* ContentView.swift in Sources */,
				A39D02E525FFDB9D00E40663 /* MainMenu.swift in Sources */,
				A309AA7A260BBD6000F3C79D /* ChatManager.swift in Sources */,
				A39D02FE25FFFD7800E40663 /* Chat.swift in Sources */,
				A39EFEFD2601191500E15EB9 /* Message.swift in Sources */,
				A309AA7F260BBE8000F3C79D /* Messages.swift in Sources */,
				A39D02ED25FFDEF100E40663 /* Service.swift in Sources */,
				A39D02F425FFE4A900E40663 /* Connector.swift in Sources */,
				A39D02D425FFD83B00E40663 /* local_palApp.swift in Sources */,
				A39EFF0426011B2900E15EB9 /* Packet.swift in Sources */,
				A39D030325FFFDB000E40663 /* Communicator.swift in Sources */,
				A315E71C260DE15B002D2428 /* Crypto.swift in Sources */,
				A39D02F925FFF1DC00E40663 /* FindRoom.swift in Sources */,
			);
			runOnlyForDeploymentPostprocessing = 0;
		};
/* End PBXSourcesBuildPhase section */

/* Begin XCBuildConfiguration section */
		A39D02D925FFD83B00E40663 /* Debug */ = {
			isa = XCBuildConfiguration;
			buildSettings = {
				ALWAYS_SEARCH_USER_PATHS = NO;
				CLANG_ANALYZER_NONNULL = YES;
				CLANG_ANALYZER_NUMBER_OBJECT_CONVERSION = YES_AGGRESSIVE;
				CLANG_CXX_LANGUAGE_STANDARD = "gnu++14";
				CLANG_CXX_LIBRARY = "libc++";
				CLANG_ENABLE_MODULES = YES;
				CLANG_ENABLE_OBJC_ARC = YES;
				CLANG_ENABLE_OBJC_WEAK = YES;
				CLANG_WARN_BLOCK_CAPTURE_AUTORELEASING = YES;
				CLANG_WARN_BOOL_CONVERSION = YES;
				CLANG_WARN_COMMA = YES;
				CLANG_WARN_CONSTANT_CONVERSION = YES;
				CLANG_WARN_DEPRECATED_OBJC_IMPLEMENTATIONS = YES;
				CLANG_WARN_DIRECT_OBJC_ISA_USAGE = YES_ERROR;
				CLANG_WARN_DOCUMENTATION_COMMENTS = YES;
				CLANG_WARN_EMPTY_BODY = YES;
				CLANG_WARN_ENUM_CONVERSION = YES;
				CLANG_WARN_INFINITE_RECURSION = YES;
				CLANG_WARN_INT_CONVERSION = YES;
				CLANG_WARN_NON_LITERAL_NULL_CONVERSION = YES;
				CLANG_WARN_OBJC_IMPLICIT_RETAIN_SELF = YES;
				CLANG_WARN_OBJC_LITERAL_CONVERSION = YES;
				CLANG_WARN_OBJC_ROOT_CLASS = YES_ERROR;
				CLANG_WARN_QUOTED_INCLUDE_IN_FRAMEWORK_HEADER = YES;
				CLANG_WARN_RANGE_LOOP_ANALYSIS = YES;
				CLANG_WARN_STRICT_PROTOTYPES = YES;
				CLANG_WARN_SUSPICIOUS_MOVE = YES;
				CLANG_WARN_UNGUARDED_AVAILABILITY = YES_AGGRESSIVE;
				CLANG_WARN_UNREACHABLE_CODE = YES;
				CLANG_WARN__DUPLICATE_METHOD_MATCH = YES;
				COPY_PHASE_STRIP = NO;
				DEBUG_INFORMATION_FORMAT = dwarf;
				ENABLE_STRICT_OBJC_MSGSEND = YES;
				ENABLE_TESTABILITY = YES;
				GCC_C_LANGUAGE_STANDARD = gnu11;
				GCC_DYNAMIC_NO_PIC = NO;
				GCC_NO_COMMON_BLOCKS = YES;
				GCC_OPTIMIZATION_LEVEL = 0;
				GCC_PREPROCESSOR_DEFINITIONS = (
					"DEBUG=1",
					"$(inherited)",
				);
				GCC_WARN_64_TO_32_BIT_CONVERSION = YES;
				GCC_WARN_ABOUT_RETURN_TYPE = YES_ERROR;
				GCC_WARN_UNDECLARED_SELECTOR = YES;
				GCC_WARN_UNINITIALIZED_AUTOS = YES_AGGRESSIVE;
				GCC_WARN_UNUSED_FUNCTION = YES;
				GCC_WARN_UNUSED_VARIABLE = YES;
				MTL_ENABLE_DEBUG_INFO = INCLUDE_SOURCE;
				MTL_FAST_MATH = YES;
				ONLY_ACTIVE_ARCH = YES;
				SWIFT_ACTIVE_COMPILATION_CONDITIONS = DEBUG;
				SWIFT_OPTIMIZATION_LEVEL = "-Onone";
			};
			name = Debug;
		};
		A39D02DA25FFD83B00E40663 /* Release */ = {
			isa = XCBuildConfiguration;
			buildSettings = {
				ALWAYS_SEARCH_USER_PATHS = NO;
				CLANG_ANALYZER_NONNULL = YES;
				CLANG_ANALYZER_NUMBER_OBJECT_CONVERSION = YES_AGGRESSIVE;
				CLANG_CXX_LANGUAGE_STANDARD = "gnu++14";
				CLANG_CXX_LIBRARY = "libc++";
				CLANG_ENABLE_MODULES = YES;
				CLANG_ENABLE_OBJC_ARC = YES;
				CLANG_ENABLE_OBJC_WEAK = YES;
				CLANG_WARN_BLOCK_CAPTURE_AUTORELEASING = YES;
				CLANG_WARN_BOOL_CONVERSION = YES;
				CLANG_WARN_COMMA = YES;
				CLANG_WARN_CONSTANT_CONVERSION = YES;
				CLANG_WARN_DEPRECATED_OBJC_IMPLEMENTATIONS = YES;
				CLANG_WARN_DIRECT_OBJC_ISA_USAGE = YES_ERROR;
				CLANG_WARN_DOCUMENTATION_COMMENTS = YES;
				CLANG_WARN_EMPTY_BODY = YES;
				CLANG_WARN_ENUM_CONVERSION = YES;
				CLANG_WARN_INFINITE_RECURSION = YES;
				CLANG_WARN_INT_CONVERSION = YES;
				CLANG_WARN_NON_LITERAL_NULL_CONVERSION = YES;
				CLANG_WARN_OBJC_IMPLICIT_RETAIN_SELF = YES;
				CLANG_WARN_OBJC_LITERAL_CONVERSION = YES;
				CLANG_WARN_OBJC_ROOT_CLASS = YES_ERROR;
				CLANG_WARN_QUOTED_INCLUDE_IN_FRAMEWORK_HEADER = YES;
				CLANG_WARN_RANGE_LOOP_ANALYSIS = YES;
				CLANG_WARN_STRICT_PROTOTYPES = YES;
				CLANG_WARN_SUSPICIOUS_MOVE = YES;
				CLANG_WARN_UNGUARDED_AVAILABILITY = YES_AGGRESSIVE;
				CLANG_WARN_UNREACHABLE_CODE = YES;
				CLANG_WARN__DUPLICATE_METHOD_MATCH = YES;
				COPY_PHASE_STRIP = NO;
				DEBUG_INFORMATION_FORMAT = "dwarf-with-dsym";
				ENABLE_NS_ASSERTIONS = NO;
				ENABLE_STRICT_OBJC_MSGSEND = YES;
				GCC_C_LANGUAGE_STANDARD = gnu11;
				GCC_NO_COMMON_BLOCKS = YES;
				GCC_WARN_64_TO_32_BIT_CONVERSION = YES;
				GCC_WARN_ABOUT_RETURN_TYPE = YES_ERROR;
				GCC_WARN_UNDECLARED_SELECTOR = YES;
				GCC_WARN_UNINITIALIZED_AUTOS = YES_AGGRESSIVE;
				GCC_WARN_UNUSED_FUNCTION = YES;
				GCC_WARN_UNUSED_VARIABLE = YES;
				MTL_ENABLE_DEBUG_INFO = NO;
				MTL_FAST_MATH = YES;
				SWIFT_COMPILATION_MODE = wholemodule;
				SWIFT_OPTIMIZATION_LEVEL = "-O";
			};
			name = Release;
		};
		A39D02DC25FFD83B00E40663 /* Debug */ = {
			isa = XCBuildConfiguration;
			buildSettings = {
				ASSETCATALOG_COMPILER_APPICON_NAME = AppIcon;
				ASSETCATALOG_COMPILER_GLOBAL_ACCENT_COLOR_NAME = AccentColor;
				CODE_SIGN_STYLE = Automatic;
				DEVELOPMENT_TEAM = 9N65ASY7W2;
				ENABLE_PREVIEWS = YES;
				INFOPLIST_FILE = iOS/Info.plist;
				IPHONEOS_DEPLOYMENT_TARGET = 14.0;
				LD_RUNPATH_SEARCH_PATHS = (
					"$(inherited)",
					"@executable_path/Frameworks",
				);
				PRODUCT_BUNDLE_IDENTIFIER = "net.schimweg.local-pal";
				PRODUCT_NAME = "local-pal";
				SDKROOT = iphoneos;
				SWIFT_VERSION = 5.0;
				TARGETED_DEVICE_FAMILY = "1,2";
			};
			name = Debug;
		};
		A39D02DD25FFD83B00E40663 /* Release */ = {
			isa = XCBuildConfiguration;
			buildSettings = {
				ASSETCATALOG_COMPILER_APPICON_NAME = AppIcon;
				ASSETCATALOG_COMPILER_GLOBAL_ACCENT_COLOR_NAME = AccentColor;
				CODE_SIGN_STYLE = Automatic;
				DEVELOPMENT_TEAM = 9N65ASY7W2;
				ENABLE_PREVIEWS = YES;
				INFOPLIST_FILE = iOS/Info.plist;
				IPHONEOS_DEPLOYMENT_TARGET = 14.0;
				LD_RUNPATH_SEARCH_PATHS = (
					"$(inherited)",
					"@executable_path/Frameworks",
				);
				PRODUCT_BUNDLE_IDENTIFIER = "net.schimweg.local-pal";
				PRODUCT_NAME = "local-pal";
				SDKROOT = iphoneos;
				SWIFT_VERSION = 5.0;
				TARGETED_DEVICE_FAMILY = "1,2";
				VALIDATE_PRODUCT = YES;
			};
			name = Release;
		};
		A39D02DF25FFD83B00E40663 /* Debug */ = {
			isa = XCBuildConfiguration;
			buildSettings = {
				ASSETCATALOG_COMPILER_APPICON_NAME = AppIcon;
				ASSETCATALOG_COMPILER_GLOBAL_ACCENT_COLOR_NAME = AccentColor;
				CODE_SIGN_ENTITLEMENTS = "local-palDebug.entitlements";
				CODE_SIGN_STYLE = Automatic;
				COMBINE_HIDPI_IMAGES = YES;
				DEVELOPMENT_TEAM = 9N65ASY7W2;
				ENABLE_HARDENED_RUNTIME = YES;
				ENABLE_PREVIEWS = YES;
				INFOPLIST_FILE = macOS/Info.plist;
				LD_RUNPATH_SEARCH_PATHS = (
					"$(inherited)",
					"@executable_path/../Frameworks",
				);
				MACOSX_DEPLOYMENT_TARGET = 11.0;
				PRODUCT_BUNDLE_IDENTIFIER = "net.schimweg.local-pal";
				PRODUCT_NAME = "local-pal";
				SDKROOT = macosx;
				SWIFT_VERSION = 5.0;
			};
			name = Debug;
		};
		A39D02E025FFD83B00E40663 /* Release */ = {
			isa = XCBuildConfiguration;
			buildSettings = {
				ASSETCATALOG_COMPILER_APPICON_NAME = AppIcon;
				ASSETCATALOG_COMPILER_GLOBAL_ACCENT_COLOR_NAME = AccentColor;
				CODE_SIGN_ENTITLEMENTS = macOS/macOS.entitlements;
				CODE_SIGN_STYLE = Automatic;
				COMBINE_HIDPI_IMAGES = YES;
				DEVELOPMENT_TEAM = 9N65ASY7W2;
				ENABLE_HARDENED_RUNTIME = YES;
				ENABLE_PREVIEWS = YES;
				INFOPLIST_FILE = macOS/Info.plist;
				LD_RUNPATH_SEARCH_PATHS = (
					"$(inherited)",
					"@executable_path/../Frameworks",
				);
				MACOSX_DEPLOYMENT_TARGET = 11.0;
				PRODUCT_BUNDLE_IDENTIFIER = "net.schimweg.local-pal";
				PRODUCT_NAME = "local-pal";
				SDKROOT = macosx;
				SWIFT_VERSION = 5.0;
			};
			name = Release;
		};
/* End XCBuildConfiguration section */

/* Begin XCConfigurationList section */
		A39D02BE25FFD83800E40663 /* Build configuration list for PBXProject "local-pal" */ = {
			isa = XCConfigurationList;
			buildConfigurations = (
				A39D02D925FFD83B00E40663 /* Debug */,
				A39D02DA25FFD83B00E40663 /* Release */,
			);
			defaultConfigurationIsVisible = 0;
			defaultConfigurationName = Release;
		};
		A39D02DB25FFD83B00E40663 /* Build configuration list for PBXNativeTarget "local-pal (iOS)" */ = {
			isa = XCConfigurationList;
			buildConfigurations = (
				A39D02DC25FFD83B00E40663 /* Debug */,
				A39D02DD25FFD83B00E40663 /* Release */,
			);
			defaultConfigurationIsVisible = 0;
			defaultConfigurationName = Release;
		};
		A39D02DE25FFD83B00E40663 /* Build configuration list for PBXNativeTarget "local-pal (macOS)" */ = {
			isa = XCConfigurationList;
			buildConfigurations = (
				A39D02DF25FFD83B00E40663 /* Debug */,
				A39D02E025FFD83B00E40663 /* Release */,
			);
			defaultConfigurationIsVisible = 0;
			defaultConfigurationName = Release;
		};
/* End XCConfigurationList section */
	};
	rootObject = A39D02BB25FFD83800E40663 /* Project object */;
}
